Microsoft Visual Studio Solution File, Format Version 12.00
# Visual Studio 2012
Project("{FAE04EC0-301F-11D3-BF4B-00C04F79EFBC}") = "Lavender", "Lavender.csproj", "{7407B170-CC25-46B6-8B77-179238F7B218}"
EndProject
Project("{FAE04EC0-301F-11D3-BF4B-00C04F79EFBC}") = "LiteNetLib", "..\LiteNetLib-Godot\LiteNetLib\LiteNetLib.csproj", "{1B75AEDF-0DD8-4B22-BE95-2A4E71B7184D}"
EndProject
Global
	GlobalSection(SolutionConfigurationPlatforms) = preSolution
	Debug|Any CPU = Debug|Any CPU
	ExportDebug|Any CPU = ExportDebug|Any CPU
	ExportRelease|Any CPU = ExportRelease|Any CPU
	EndGlobalSection
	GlobalSection(ProjectConfigurationPlatforms) = postSolution
		{7407B170-CC25-46B6-8B77-179238F7B218}.Debug|Any CPU.ActiveCfg = Debug|Any CPU
		{7407B170-CC25-46B6-8B77-179238F7B218}.Debug|Any CPU.Build.0 = Debug|Any CPU
		{7407B170-CC25-46B6-8B77-179238F7B218}.ExportDebug|Any CPU.ActiveCfg = ExportDebug|Any CPU
		{7407B170-CC25-46B6-8B77-179238F7B218}.ExportDebug|Any CPU.Build.0 = ExportDebug|Any CPU
		{7407B170-CC25-46B6-8B77-179238F7B218}.ExportRelease|Any CPU.ActiveCfg = ExportRelease|Any CPU
		{7407B170-CC25-46B6-8B77-179238F7B218}.ExportRelease|Any CPU.Build.0 = ExportRelease|Any CPU
		{1B75AEDF-0DD8-4B22-BE95-2A4E71B7184D}.Debug|Any CPU.ActiveCfg = Debug|Any CPU
		{1B75AEDF-0DD8-4B22-BE95-2A4E71B7184D}.Debug|Any CPU.Build.0 = Debug|Any CPU
		{1B75AEDF-0DD8-4B22-BE95-2A4E71B7184D}.ExportDebug|Any CPU.ActiveCfg = Debug|Any CPU
		{1B75AEDF-0DD8-4B22-BE95-2A4E71B7184D}.ExportDebug|Any CPU.Build.0 = Debug|Any CPU
		{1B75AEDF-0DD8-4B22-BE95-2A4E71B7184D}.ExportRelease|Any CPU.ActiveCfg = Debug|Any CPU
		{1B75AEDF-0DD8-4B22-BE95-2A4E71B7184D}.ExportRelease|Any CPU.Build.0 = Debug|Any CPU
	EndGlobalSection
EndGlobal
